{"version":4,"terraform_version":"1.10.5","serial":10,"lineage":"53a8cb52-4777-6395-ea5e-1e24364908d2","outputs":{"apps_namespace":{"value":"apps","type":"string"},"grafana_url_hint":{"value":"Run: kubectl -n infra port-forward svc/kube-prometheus-stack-grafana 3000:80","type":"string"},"infra_namespace":{"value":"infra","type":"string"},"jenkins_url_hint":{"value":"Run: kubectl -n infra port-forward svc/jenkins 8080:8080","type":"string"}},"resources":[{"mode":"managed","type":"helm_release","name":"jenkins","provider":"provider[\"registry.opentofu.org/hashicorp/helm\"]","instances":[{"schema_version":1,"attributes":{"atomic":true,"chart":"jenkins","cleanup_on_fail":true,"create_namespace":false,"dependency_update":false,"description":null,"devel":null,"disable_crd_hooks":false,"disable_openapi_validation":false,"disable_webhooks":false,"force_update":false,"id":"jenkins","keyring":null,"lint":false,"manifest":null,"max_history":0,"metadata":[{"app_version":"2.516.1","chart":"jenkins","first_deployed":1755094310,"last_deployed":1755094310,"name":"jenkins","namespace":"infra","notes":"1. Get your 'admin' user password by running:\n  kubectl exec --namespace infra -it svc/jenkins -c jenkins -- /bin/cat /run/secrets/additional/chart-admin-password \u0026\u0026 echo\n2. Get the Jenkins URL to visit by running these commands in the same shell:\n  echo http://127.0.0.1:8080\n  kubectl --namespace infra port-forward svc/jenkins 8080:8080\n\n3. Login with the password from step 1 and the username: admin\n4. Configure security realm and authorization strategy\n5. Use Jenkins Configuration as Code by specifying configScripts in your values.yaml file, see documentation: http://127.0.0.1:8080/configuration-as-code and examples: https://github.com/jenkinsci/configuration-as-code-plugin/tree/master/demos\n\nFor more information on running Jenkins on Kubernetes, visit:\nhttps://cloud.google.com/solutions/jenkins-on-container-engine\n\nFor more information about Jenkins Configuration as Code, visit:\nhttps://jenkins.io/projects/jcasc/\n\n\nNOTE: Consider using a custom image with pre-installed plugins\n","revision":1,"values":"{\"controller\":{\"JCasC\":{\"configScripts\":{\"pipelines\":\"jenkins:\\n  systemMessage: \\\"Jenkins configured as code - Infra Kata\\\"\\n\"},\"enabled\":true},\"admin\":{\"username\":\"admin\"},\"installPlugins\":[\"kubernetes\",\"workflow-aggregator\",\"git\",\"configuration-as-code\",\"credentials-binding\"],\"persistence\":{\"enabled\":false},\"resources\":{\"limits\":{\"cpu\":1,\"memory\":\"1Gi\"},\"requests\":{\"cpu\":\"200m\",\"memory\":\"512Mi\"}}}}","version":"5.8.79"}],"name":"jenkins","namespace":"infra","pass_credentials":false,"postrender":[],"recreate_pods":false,"render_subchart_notes":true,"replace":false,"repository":"https://charts.jenkins.io","repository_ca_file":null,"repository_cert_file":null,"repository_key_file":null,"repository_password":null,"repository_username":null,"reset_values":false,"reuse_values":false,"set":[],"set_list":[],"set_sensitive":[],"skip_crds":false,"status":"deployed","timeout":600,"upgrade_install":null,"values":["controller:\n  # Updated per deprecation: adminUser -\u003e admin.username\n  admin:\n    username: admin\n  # To use a fixed password, add below (optional):\n  #   password: \u003cpassword\u003e\n  installPlugins:\n    - kubernetes\n    - workflow-aggregator\n    - git\n    - configuration-as-code\n    - credentials-binding\n  JCasC:\n    enabled: true\n    configScripts:\n      pipelines: |\n        jenkins:\n          systemMessage: \"Jenkins configured as code - Infra Kata\"\n  persistence:\n    enabled: false  # disable for Minikube to avoid PVC pending; set true with storageclass later\n  resources:\n    requests:\n      cpu: 200m\n      memory: 512Mi\n    limits:\n      cpu: 1\n      memory: 1Gi\n"],"verify":false,"version":"5.8.79","wait":true,"wait_for_jobs":true},"sensitive_attributes":[[{"type":"get_attr","value":"repository_password"}]],"private":"eyJzY2hlbWFfdmVyc2lvbiI6IjEifQ==","dependencies":["kubernetes_namespace.infra"]}]},{"mode":"managed","type":"helm_release","name":"kube_prometheus_stack","provider":"provider[\"registry.opentofu.org/hashicorp/helm\"]","instances":[{"schema_version":1,"attributes":{"atomic":false,"chart":"kube-prometheus-stack","cleanup_on_fail":false,"create_namespace":false,"dependency_update":false,"description":null,"devel":null,"disable_crd_hooks":false,"disable_openapi_validation":false,"disable_webhooks":false,"force_update":false,"id":"kube-prometheus-stack","keyring":null,"lint":false,"manifest":null,"max_history":0,"metadata":[{"app_version":"v0.75.1","chart":"kube-prometheus-stack","first_deployed":1755093651,"last_deployed":1755093651,"name":"kube-prometheus-stack","namespace":"infra","notes":"1. Get your 'admin' user password by running:\n\n   kubectl get secret --namespace infra kube-prometheus-stack-grafana -o jsonpath=\"{.data.admin-password}\" | base64 --decode ; echo\n\n\n2. The Grafana server can be accessed via port 80 on the following DNS name from within your cluster:\n\n   kube-prometheus-stack-grafana.infra.svc.cluster.local\n\n   Get the Grafana URL to visit by running these commands in the same shell:\n     export POD_NAME=$(kubectl get pods --namespace infra -l \"app.kubernetes.io/name=grafana,app.kubernetes.io/instance=kube-prometheus-stack\" -o jsonpath=\"{.items[0].metadata.name}\")\n     kubectl --namespace infra port-forward $POD_NAME 3000\n\n3. Login with the password from step 1 and the username: admin\n#################################################################################\n######   WARNING: Persistence is disabled!!! You will lose your data when   #####\n######            the Grafana pod is terminated.                            #####\n#################################################################################\n\nkube-prometheus-stack has been installed. Check its status by running:\n  kubectl --namespace infra get pods -l \"release=kube-prometheus-stack\"\n\nVisit https://github.com/prometheus-operator/kube-prometheus for instructions on how to create \u0026 configure Alertmanager and Prometheus instances using the Operator.\n\nkube-state-metrics is a simple service that listens to the Kubernetes API server and generates metrics about the state of the objects.\nThe exposed metrics can be found here:\nhttps://github.com/kubernetes/kube-state-metrics/blob/master/docs/README.md#exposed-metrics\n\nThe metrics are exported on the HTTP endpoint /metrics on the listening port.\nIn your case, kube-prometheus-stack-kube-state-metrics.infra.svc.cluster.local:8080/metrics\n\nThey are served either as plaintext or protobuf depending on the Accept header.\nThey are designed to be consumed either by Prometheus itself or by a scraper that is compatible with scraping a Prometheus client endpoint.\n\n1. Get the application URL by running these commands:\n  export POD_NAME=$(kubectl get pods --namespace infra -l \"app.kubernetes.io/name=prometheus-node-exporter,app.kubernetes.io/instance=kube-prometheus-stack\" -o jsonpath=\"{.items[0].metadata.name}\")\n  echo \"Visit http://127.0.0.1:9100 to use your application\"\n  kubectl port-forward --namespace infra $POD_NAME 9100","revision":1,"values":"{\"alertmanager\":{\"enabled\":false},\"grafana\":{\"adminPassword\":\"prom-operator\",\"defaultDashboardsEnabled\":true,\"sidecar\":{\"dashboards\":{\"enabled\":true},\"datasources\":{\"enabled\":true}}},\"prometheus\":{\"prometheusSpec\":{\"podMonitorSelectorNilUsesHelmValues\":false,\"resources\":{\"limits\":{\"cpu\":1,\"memory\":\"1Gi\"},\"requests\":{\"cpu\":\"200m\",\"memory\":\"512Mi\"}},\"retention\":\"24h\",\"serviceMonitorSelectorNilUsesHelmValues\":false}}}","version":"61.3.1"}],"name":"kube-prometheus-stack","namespace":"infra","pass_credentials":false,"postrender":[],"recreate_pods":false,"render_subchart_notes":true,"replace":false,"repository":"https://prometheus-community.github.io/helm-charts","repository_ca_file":null,"repository_cert_file":null,"repository_key_file":null,"repository_password":null,"repository_username":null,"reset_values":false,"reuse_values":false,"set":[],"set_list":[],"set_sensitive":[],"skip_crds":false,"status":"deployed","timeout":300,"upgrade_install":null,"values":["prometheus:\n  prometheusSpec:\n    podMonitorSelectorNilUsesHelmValues: false\n    serviceMonitorSelectorNilUsesHelmValues: false\n    retention: 24h\n    resources:\n      requests:\n        cpu: 200m\n        memory: 512Mi\n      limits:\n        cpu: 1\n        memory: 1Gi\nalertmanager:\n  enabled: false\ngrafana:\n  adminPassword: prom-operator\n  defaultDashboardsEnabled: true\n  sidecar:\n    dashboards:\n      enabled: true\n    datasources:\n      enabled: true\n"],"verify":false,"version":"61.3.1","wait":true,"wait_for_jobs":false},"sensitive_attributes":[[{"type":"get_attr","value":"repository_password"}]],"private":"eyJzY2hlbWFfdmVyc2lvbiI6IjEifQ==","dependencies":["kubernetes_namespace.infra"]}]},{"mode":"managed","type":"kubernetes_cluster_role","name":"jenkins_namespaces_read","provider":"provider[\"registry.opentofu.org/hashicorp/kubernetes\"]","instances":[{"schema_version":0,"attributes":{"aggregation_rule":[],"id":"jenkins-namespaces-read","metadata":[{"annotations":{},"generate_name":"","generation":0,"labels":{},"name":"jenkins-namespaces-read","resource_version":"6580","uid":"c589e123-3aa8-47c6-ac3c-1543f24f9278"}],"rule":[{"api_groups":[""],"non_resource_urls":[],"resource_names":[],"resources":["namespaces"],"verbs":["get","list"]}]},"sensitive_attributes":[],"private":"bnVsbA=="}]},{"mode":"managed","type":"kubernetes_cluster_role_binding","name":"jenkins_namespaces_read","provider":"provider[\"registry.opentofu.org/hashicorp/kubernetes\"]","instances":[{"schema_version":0,"attributes":{"id":"jenkins-namespaces-read-binding","metadata":[{"annotations":{},"generate_name":"","generation":0,"labels":{},"name":"jenkins-namespaces-read-binding","resource_version":"6581","uid":"d65edc92-0311-494d-acbf-84284db8f815"}],"role_ref":[{"api_group":"rbac.authorization.k8s.io","kind":"ClusterRole","name":"jenkins-namespaces-read"}],"subject":[{"api_group":"","kind":"ServiceAccount","name":"jenkins","namespace":"infra"}]},"sensitive_attributes":[],"private":"bnVsbA==","dependencies":["kubernetes_cluster_role.jenkins_namespaces_read","kubernetes_namespace.infra"]}]},{"mode":"managed","type":"kubernetes_deployment","name":"registry","provider":"provider[\"registry.opentofu.org/hashicorp/kubernetes\"]","instances":[{"schema_version":1,"attributes":{"id":"infra/registry","metadata":[{"annotations":{},"generate_name":"","generation":1,"labels":{"app":"registry"},"name":"registry","namespace":"infra","resource_version":"2791","uid":"d89a1c8a-9f76-4394-8dce-46fd209f90c0"}],"spec":[{"min_ready_seconds":0,"paused":false,"progress_deadline_seconds":600,"replicas":"1","revision_history_limit":10,"selector":[{"match_expressions":[],"match_labels":{"app":"registry"}}],"strategy":[{"rolling_update":[{"max_surge":"25%","max_unavailable":"25%"}],"type":"RollingUpdate"}],"template":[{"metadata":[{"annotations":{},"generate_name":"","generation":0,"labels":{"app":"registry"},"name":"","namespace":"","resource_version":"","uid":""}],"spec":[{"active_deadline_seconds":0,"affinity":[],"automount_service_account_token":true,"container":[{"args":[],"command":[],"env":[],"env_from":[],"image":"registry:2","image_pull_policy":"IfNotPresent","lifecycle":[],"liveness_probe":[],"name":"registry","port":[{"container_port":5000,"host_ip":"","host_port":0,"name":"","protocol":"TCP"}],"readiness_probe":[],"resources":[{"limits":{"cpu":"200m","memory":"256Mi"},"requests":{"cpu":"50m","memory":"64Mi"}}],"security_context":[],"startup_probe":[],"stdin":false,"stdin_once":false,"termination_message_path":"/dev/termination-log","termination_message_policy":"File","tty":false,"volume_device":[],"volume_mount":[],"working_dir":""}],"dns_config":[],"dns_policy":"ClusterFirst","enable_service_links":true,"host_aliases":[],"host_ipc":false,"host_network":false,"host_pid":false,"hostname":"","image_pull_secrets":[],"init_container":[],"node_name":"","node_selector":{},"os":[],"priority_class_name":"","readiness_gate":[],"restart_policy":"Always","runtime_class_name":"","scheduler_name":"default-scheduler","security_context":[],"service_account_name":"","share_process_namespace":false,"subdomain":"","termination_grace_period_seconds":30,"toleration":[],"topology_spread_constraint":[],"volume":[]}]}]}],"timeouts":null,"wait_for_rollout":true},"sensitive_attributes":[],"private":"eyJlMmJmYjczMC1lY2FhLTExZTYtOGY4OC0zNDM2M2JjN2M0YzAiOnsiY3JlYXRlIjo2MDAwMDAwMDAwMDAsImRlbGV0ZSI6NjAwMDAwMDAwMDAwLCJ1cGRhdGUiOjYwMDAwMDAwMDAwMH0sInNjaGVtYV92ZXJzaW9uIjoiMSJ9","dependencies":["kubernetes_namespace.infra"]}]},{"mode":"managed","type":"kubernetes_namespace","name":"apps","provider":"provider[\"registry.opentofu.org/hashicorp/kubernetes\"]","instances":[{"schema_version":0,"attributes":{"id":"apps","metadata":[{"annotations":{},"generate_name":"","generation":0,"labels":{},"name":"apps","resource_version":"776","uid":"54f69313-84a9-491a-8c31-40c0693a6a68"}],"timeouts":null,"wait_for_default_service_account":false},"sensitive_attributes":[],"private":"eyJlMmJmYjczMC1lY2FhLTExZTYtOGY4OC0zNDM2M2JjN2M0YzAiOnsiZGVsZXRlIjozMDAwMDAwMDAwMDB9fQ=="}]},{"mode":"managed","type":"kubernetes_namespace","name":"infra","provider":"provider[\"registry.opentofu.org/hashicorp/kubernetes\"]","instances":[{"schema_version":0,"attributes":{"id":"infra","metadata":[{"annotations":{},"generate_name":"","generation":0,"labels":{},"name":"infra","resource_version":"775","uid":"827fcc4b-80ca-4db1-bdbd-5517823ea549"}],"timeouts":null,"wait_for_default_service_account":false},"sensitive_attributes":[],"private":"eyJlMmJmYjczMC1lY2FhLTExZTYtOGY4OC0zNDM2M2JjN2M0YzAiOnsiZGVsZXRlIjozMDAwMDAwMDAwMDB9fQ=="}]},{"mode":"managed","type":"kubernetes_role","name":"jenkins_deployer","provider":"provider[\"registry.opentofu.org/hashicorp/kubernetes\"]","instances":[{"schema_version":0,"attributes":{"id":"apps/jenkins-deployer","metadata":[{"annotations":{},"generate_name":"","generation":0,"labels":{"app":"jenkins"},"name":"jenkins-deployer","namespace":"apps","resource_version":"5437","uid":"9e6a7d95-db1d-4f46-aa15-4301a9744491"}],"rule":[{"api_groups":[""],"resource_names":[],"resources":["configmaps","secrets"],"verbs":["create","delete","get","list","patch","update","watch"]},{"api_groups":[""],"resource_names":[],"resources":["endpoints","serviceaccounts","services"],"verbs":["create","delete","get","list","patch","update","watch"]},{"api_groups":["apps"],"resource_names":[],"resources":["deployments","replicasets"],"verbs":["create","delete","get","list","patch","update","watch"]},{"api_groups":["monitoring.coreos.com"],"resource_names":[],"resources":["servicemonitors"],"verbs":["create","delete","get","list","patch","update","watch"]}]},"sensitive_attributes":[],"private":"bnVsbA==","dependencies":["kubernetes_namespace.apps"]}]},{"mode":"managed","type":"kubernetes_role_binding","name":"jenkins_deployer","provider":"provider[\"registry.opentofu.org/hashicorp/kubernetes\"]","instances":[{"schema_version":0,"attributes":{"id":"apps/jenkins-deployer-binding","metadata":[{"annotations":{},"generate_name":"","generation":0,"labels":{},"name":"jenkins-deployer-binding","namespace":"apps","resource_version":"5438","uid":"8119a4c4-e6b1-4bd1-a6ab-9ed82932ef8c"}],"role_ref":[{"api_group":"rbac.authorization.k8s.io","kind":"Role","name":"jenkins-deployer"}],"subject":[{"api_group":"","kind":"ServiceAccount","name":"jenkins","namespace":"infra"}]},"sensitive_attributes":[],"private":"bnVsbA==","dependencies":["kubernetes_namespace.apps","kubernetes_namespace.infra","kubernetes_role.jenkins_deployer"]}]},{"mode":"managed","type":"kubernetes_service","name":"registry","provider":"provider[\"registry.opentofu.org/hashicorp/kubernetes\"]","instances":[{"schema_version":1,"attributes":{"id":"infra/registry","metadata":[{"annotations":{},"generate_name":"","generation":0,"labels":{"app":"registry"},"name":"registry","namespace":"infra","resource_version":"9006","uid":"fcd38b99-bef5-460f-b2d8-258904f9b55a"}],"spec":[{"allocate_load_balancer_node_ports":true,"cluster_ip":"10.111.133.0","cluster_ips":["10.111.133.0"],"external_ips":[],"external_name":"","external_traffic_policy":"Cluster","health_check_node_port":0,"internal_traffic_policy":"Cluster","ip_families":["IPv4"],"ip_family_policy":"SingleStack","load_balancer_class":"","load_balancer_ip":"","load_balancer_source_ranges":[],"port":[{"app_protocol":"","name":"http","node_port":30050,"port":5000,"protocol":"TCP","target_port":"5000"}],"publish_not_ready_addresses":false,"selector":{"app":"registry"},"session_affinity":"None","session_affinity_config":[],"type":"NodePort"}],"status":[{"load_balancer":[{"ingress":[]}]}],"timeouts":null,"wait_for_load_balancer":true},"sensitive_attributes":[],"private":"eyJlMmJmYjczMC1lY2FhLTExZTYtOGY4OC0zNDM2M2JjN2M0YzAiOnsiY3JlYXRlIjo2MDAwMDAwMDAwMDB9LCJzY2hlbWFfdmVyc2lvbiI6IjEifQ==","dependencies":["kubernetes_namespace.infra"]}]}],"check_results":null}
