{"version":4,"terraform_version":"1.10.5","serial":34,"lineage":"53a8cb52-4777-6395-ea5e-1e24364908d2","outputs":{"apps_namespace":{"value":"apps","type":"string"},"grafana_url_hint":{"value":"Run: kubectl -n infra port-forward svc/kube-prometheus-stack-grafana 3000:80","type":"string"},"infra_namespace":{"value":"infra","type":"string"},"ingress_hosts":{"value":{"grafana":"grafana.192.168.49.2.nip.io","jenkins":"jenkins.192.168.49.2.nip.io","prometheus":"prometheus.192.168.49.2.nip.io"},"type":["map","string"]},"ingress_url_hint":{"value":"Open: http://jenkins.192.168.49.2.nip.io http://grafana.192.168.49.2.nip.io http://prometheus.192.168.49.2.nip.io","type":"string"},"jenkins_url_hint":{"value":"Run: kubectl -n infra port-forward svc/jenkins 8080:8080","type":"string"},"registry_direct_nodeport":{"value":32001,"type":"number"},"registry_host_hint":{"value":"Registry Host: $(minikube ip):0 (mark insecure in containerd if needed)","type":"string"},"registry_http_nodeport":{"value":0,"type":"number"},"registry_nodeport_hint":{"value":"Registry: $(minikube ip):32000 (ensure containerd insecure hosts.toml)","type":"string"}},"resources":[{"mode":"data","type":"external","name":"minikube_ip","provider":"provider[\"registry.opentofu.org/hashicorp/external\"]","instances":[{"index_key":0,"schema_version":0,"attributes":{"id":"-","program":["bash","-c","ip=$(minikube ip 2\u003e/dev/null || echo 127.0.0.1); echo '{\"ip\":\"'$ip'\"}'"],"query":null,"result":{"ip":"192.168.49.2"},"working_dir":null},"sensitive_attributes":[]}]},{"mode":"data","type":"kubernetes_service","name":"addon_registry","provider":"provider[\"registry.opentofu.org/hashicorp/kubernetes\"]","instances":[{"schema_version":0,"attributes":{"id":"kube-system/registry","metadata":[{"annotations":{"kubectl.kubernetes.io/last-applied-configuration":"{\"apiVersion\":\"v1\",\"kind\":\"Service\",\"metadata\":{\"annotations\":{},\"labels\":{\"addonmanager.kubernetes.io/mode\":\"Reconcile\",\"kubernetes.io/minikube-addons\":\"registry\"},\"name\":\"registry\",\"namespace\":\"kube-system\"},\"spec\":{\"ports\":[{\"name\":\"http\",\"port\":80,\"targetPort\":5000},{\"name\":\"https\",\"port\":443,\"targetPort\":443}],\"selector\":{\"actual-registry\":\"true\",\"kubernetes.io/minikube-addons\":\"registry\"},\"type\":\"ClusterIP\"}}\n"},"generation":0,"labels":{"addonmanager.kubernetes.io/mode":"Reconcile","kubernetes.io/minikube-addons":"registry"},"name":"registry","namespace":"kube-system","resource_version":"397","uid":"16d8f210-3b29-41ab-9de6-8dadac26192a"}],"spec":[{"allocate_load_balancer_node_ports":true,"cluster_ip":"10.109.127.171","cluster_ips":["10.109.127.171"],"external_ips":[],"external_name":"","external_traffic_policy":"","health_check_node_port":0,"internal_traffic_policy":"Cluster","ip_families":["IPv4"],"ip_family_policy":"SingleStack","load_balancer_class":"","load_balancer_ip":"","load_balancer_source_ranges":[],"port":[{"app_protocol":"","name":"http","node_port":0,"port":80,"protocol":"TCP","target_port":"5000"},{"app_protocol":"","name":"https","node_port":0,"port":443,"protocol":"TCP","target_port":"443"}],"publish_not_ready_addresses":false,"selector":{"actual-registry":"true","kubernetes.io/minikube-addons":"registry"},"session_affinity":"None","session_affinity_config":[],"type":"ClusterIP"}],"status":[{"load_balancer":[{"ingress":[]}]}]},"sensitive_attributes":[]}]},{"mode":"managed","type":"helm_release","name":"jenkins","provider":"provider[\"registry.opentofu.org/hashicorp/helm\"]","instances":[{"schema_version":1,"attributes":{"atomic":true,"chart":"jenkins","cleanup_on_fail":true,"create_namespace":false,"dependency_update":false,"description":null,"devel":null,"disable_crd_hooks":false,"disable_openapi_validation":false,"disable_webhooks":false,"force_update":false,"id":"jenkins","keyring":null,"lint":false,"manifest":null,"max_history":0,"metadata":[{"app_version":"2.516.1","chart":"jenkins","first_deployed":1755258666,"last_deployed":1755258666,"name":"jenkins","namespace":"infra","notes":"1. Get your 'admin' user password by running:\n  kubectl exec --namespace infra -it svc/jenkins -c jenkins -- /bin/cat /run/secrets/additional/chart-admin-password \u0026\u0026 echo\n2. Get the Jenkins URL to visit by running these commands in the same shell:\n  echo http://127.0.0.1:8080\n  kubectl --namespace infra port-forward svc/jenkins 8080:8080\n\n3. Login with the password from step 1 and the username: admin\n4. Configure security realm and authorization strategy\n5. Use Jenkins Configuration as Code by specifying configScripts in your values.yaml file, see documentation: http://127.0.0.1:8080/configuration-as-code and examples: https://github.com/jenkinsci/configuration-as-code-plugin/tree/master/demos\n\nFor more information on running Jenkins on Kubernetes, visit:\nhttps://cloud.google.com/solutions/jenkins-on-container-engine\n\nFor more information about Jenkins Configuration as Code, visit:\nhttps://jenkins.io/projects/jcasc/\n\n\nNOTE: Consider using a custom image with pre-installed plugins\n","revision":1,"values":"{\"controller\":{\"JCasC\":{\"configScripts\":{\"pipelines\":\"jenkins:\\n  systemMessage: \\\"Jenkins configured as code - Infra Kata\\\"\\n\"},\"enabled\":true},\"admin\":{\"username\":\"admin\"},\"installPlugins\":[\"kubernetes\",\"workflow-aggregator\",\"git\",\"configuration-as-code\",\"credentials-binding\"],\"persistence\":{\"enabled\":false},\"resources\":{\"limits\":{\"cpu\":1,\"memory\":\"1Gi\"},\"requests\":{\"cpu\":\"200m\",\"memory\":\"512Mi\"}}}}","version":"5.8.79"}],"name":"jenkins","namespace":"infra","pass_credentials":false,"postrender":[],"recreate_pods":false,"render_subchart_notes":true,"replace":false,"repository":"https://charts.jenkins.io","repository_ca_file":null,"repository_cert_file":null,"repository_key_file":null,"repository_password":null,"repository_username":null,"reset_values":false,"reuse_values":false,"set":[],"set_list":[],"set_sensitive":[],"skip_crds":false,"status":"deployed","timeout":600,"upgrade_install":null,"values":["controller:\n  # Updated per deprecation: adminUser -\u003e admin.username\n  admin:\n    username: admin\n  # To use a fixed password, add below (optional):\n  #   password: \u003cpassword\u003e\n  installPlugins:\n    - kubernetes\n    - workflow-aggregator\n    - git\n    - configuration-as-code\n    - credentials-binding\n  JCasC:\n    enabled: true\n    configScripts:\n      pipelines: |\n        jenkins:\n          systemMessage: \"Jenkins configured as code - Infra Kata\"\n  persistence:\n    enabled: false  # disable for Minikube to avoid PVC pending; set true with storageclass later\n  resources:\n    requests:\n      cpu: 200m\n      memory: 512Mi\n    limits:\n      cpu: 1\n      memory: 1Gi\n"],"verify":false,"version":"5.8.79","wait":true,"wait_for_jobs":true},"sensitive_attributes":[[{"type":"get_attr","value":"repository_password"}]],"private":"eyJzY2hlbWFfdmVyc2lvbiI6IjEifQ==","dependencies":["kubernetes_namespace.infra"]}]},{"mode":"managed","type":"helm_release","name":"kube_prometheus_stack","provider":"provider[\"registry.opentofu.org/hashicorp/helm\"]","instances":[{"schema_version":1,"attributes":{"atomic":false,"chart":"kube-prometheus-stack","cleanup_on_fail":false,"create_namespace":false,"dependency_update":false,"description":null,"devel":null,"disable_crd_hooks":false,"disable_openapi_validation":false,"disable_webhooks":false,"force_update":false,"id":"kube-prometheus-stack","keyring":null,"lint":false,"manifest":null,"max_history":0,"metadata":[{"app_version":"v0.75.1","chart":"kube-prometheus-stack","first_deployed":1755258668,"last_deployed":1755258668,"name":"kube-prometheus-stack","namespace":"infra","notes":"kube-prometheus-stack has been installed. Check its status by running:\n  kubectl --namespace infra get pods -l \"release=kube-prometheus-stack\"\n\nVisit https://github.com/prometheus-operator/kube-prometheus for instructions on how to create \u0026 configure Alertmanager and Prometheus instances using the Operator.\n\nkube-state-metrics is a simple service that listens to the Kubernetes API server and generates metrics about the state of the objects.\nThe exposed metrics can be found here:\nhttps://github.com/kubernetes/kube-state-metrics/blob/master/docs/README.md#exposed-metrics\n\nThe metrics are exported on the HTTP endpoint /metrics on the listening port.\nIn your case, kube-prometheus-stack-kube-state-metrics.infra.svc.cluster.local:8080/metrics\n\nThey are served either as plaintext or protobuf depending on the Accept header.\nThey are designed to be consumed either by Prometheus itself or by a scraper that is compatible with scraping a Prometheus client endpoint.\n\n1. Get your 'admin' user password by running:\n\n   kubectl get secret --namespace infra kube-prometheus-stack-grafana -o jsonpath=\"{.data.admin-password}\" | base64 --decode ; echo\n\n\n2. The Grafana server can be accessed via port 80 on the following DNS name from within your cluster:\n\n   kube-prometheus-stack-grafana.infra.svc.cluster.local\n\n   Get the Grafana URL to visit by running these commands in the same shell:\n     export POD_NAME=$(kubectl get pods --namespace infra -l \"app.kubernetes.io/name=grafana,app.kubernetes.io/instance=kube-prometheus-stack\" -o jsonpath=\"{.items[0].metadata.name}\")\n     kubectl --namespace infra port-forward $POD_NAME 3000\n\n3. Login with the password from step 1 and the username: admin\n#################################################################################\n######   WARNING: Persistence is disabled!!! You will lose your data when   #####\n######            the Grafana pod is terminated.                            #####\n#################################################################################\n\n1. Get the application URL by running these commands:\n  export POD_NAME=$(kubectl get pods --namespace infra -l \"app.kubernetes.io/name=prometheus-node-exporter,app.kubernetes.io/instance=kube-prometheus-stack\" -o jsonpath=\"{.items[0].metadata.name}\")\n  echo \"Visit http://127.0.0.1:9100 to use your application\"\n  kubectl port-forward --namespace infra $POD_NAME 9100","revision":1,"values":"{\"alertmanager\":{\"enabled\":false},\"grafana\":{\"adminPassword\":\"prom-operator\",\"defaultDashboardsEnabled\":true,\"sidecar\":{\"dashboards\":{\"enabled\":true},\"datasources\":{\"enabled\":true}}},\"prometheus\":{\"prometheusSpec\":{\"podMonitorSelectorNilUsesHelmValues\":false,\"resources\":{\"limits\":{\"cpu\":1,\"memory\":\"1Gi\"},\"requests\":{\"cpu\":\"200m\",\"memory\":\"512Mi\"}},\"retention\":\"24h\",\"serviceMonitorSelectorNilUsesHelmValues\":false}}}","version":"61.3.1"}],"name":"kube-prometheus-stack","namespace":"infra","pass_credentials":false,"postrender":[],"recreate_pods":false,"render_subchart_notes":true,"replace":false,"repository":"https://prometheus-community.github.io/helm-charts","repository_ca_file":null,"repository_cert_file":null,"repository_key_file":null,"repository_password":null,"repository_username":null,"reset_values":false,"reuse_values":false,"set":[],"set_list":[],"set_sensitive":[],"skip_crds":false,"status":"deployed","timeout":300,"upgrade_install":null,"values":["prometheus:\n  prometheusSpec:\n    podMonitorSelectorNilUsesHelmValues: false\n    serviceMonitorSelectorNilUsesHelmValues: false\n    retention: 24h\n    resources:\n      requests:\n        cpu: 200m\n        memory: 512Mi\n      limits:\n        cpu: 1\n        memory: 1Gi\nalertmanager:\n  enabled: false\ngrafana:\n  adminPassword: prom-operator\n  defaultDashboardsEnabled: true\n  sidecar:\n    dashboards:\n      enabled: true\n    datasources:\n      enabled: true\n"],"verify":false,"version":"61.3.1","wait":true,"wait_for_jobs":false},"sensitive_attributes":[[{"type":"get_attr","value":"repository_password"}]],"private":"eyJzY2hlbWFfdmVyc2lvbiI6IjEifQ==","dependencies":["kubernetes_namespace.infra"]}]},{"mode":"managed","type":"kubernetes_cluster_role","name":"jenkins_cluster_rbac_manager","provider":"provider[\"registry.opentofu.org/hashicorp/kubernetes\"]","instances":[{"schema_version":0,"attributes":{"aggregation_rule":[],"id":"jenkins-cluster-rbac-manager","metadata":[{"annotations":{},"generate_name":"","generation":0,"labels":{},"name":"jenkins-cluster-rbac-manager","resource_version":"509","uid":"17f698f4-7e2a-4263-b66d-bda8f8350118"}],"rule":[{"api_groups":["rbac.authorization.k8s.io"],"non_resource_urls":[],"resource_names":[],"resources":["clusterroles","clusterrolebindings","roles","rolebindings"],"verbs":["get","list","watch","create","update","patch","escalate","bind"]},{"api_groups":["apiregistration.k8s.io"],"non_resource_urls":[],"resource_names":[],"resources":["apiservices"],"verbs":["get","list","watch","create","update","patch"]},{"api_groups":["admissionregistration.k8s.io"],"non_resource_urls":[],"resource_names":[],"resources":["validatingwebhookconfigurations","mutatingwebhookconfigurations"],"verbs":["get","list","watch","create","update","patch"]}]},"sensitive_attributes":[],"private":"bnVsbA=="}]},{"mode":"managed","type":"kubernetes_cluster_role","name":"jenkins_crd_access","provider":"provider[\"registry.opentofu.org/hashicorp/kubernetes\"]","instances":[{"schema_version":0,"attributes":{"aggregation_rule":[],"id":"jenkins-crd-access","metadata":[{"annotations":{},"generate_name":"","generation":0,"labels":{},"name":"jenkins-crd-access","resource_version":"513","uid":"31eeb571-6b13-43f6-9af0-36160bd62a89"}],"rule":[{"api_groups":["apiextensions.k8s.io"],"non_resource_urls":[],"resource_names":[],"resources":["customresourcedefinitions"],"verbs":["get","list","watch","create","update","patch"]}]},"sensitive_attributes":[],"private":"bnVsbA=="}]},{"mode":"managed","type":"kubernetes_cluster_role","name":"jenkins_namespaces_read","provider":"provider[\"registry.opentofu.org/hashicorp/kubernetes\"]","instances":[{"schema_version":0,"attributes":{"aggregation_rule":[],"id":"jenkins-namespaces-read","metadata":[{"annotations":{},"generate_name":"","generation":0,"labels":{},"name":"jenkins-namespaces-read","resource_version":"512","uid":"892e4314-535c-4119-bb04-c2de076e0a1f"}],"rule":[{"api_groups":[""],"non_resource_urls":[],"resource_names":[],"resources":["namespaces"],"verbs":["get","list"]},{"api_groups":[""],"non_resource_urls":[],"resource_names":[],"resources":["nodes"],"verbs":["get","list"]},{"api_groups":[""],"non_resource_urls":[],"resource_names":[],"resources":["services","endpoints"],"verbs":["get","list"]}]},"sensitive_attributes":[],"private":"bnVsbA=="}]},{"mode":"managed","type":"kubernetes_cluster_role_binding","name":"jenkins_cluster_rbac_manager","provider":"provider[\"registry.opentofu.org/hashicorp/kubernetes\"]","instances":[{"schema_version":0,"attributes":{"id":"jenkins-cluster-rbac-manager-binding","metadata":[{"annotations":{},"generate_name":"","generation":0,"labels":{},"name":"jenkins-cluster-rbac-manager-binding","resource_version":"525","uid":"5571ef06-c048-48e3-bfff-3e4df8d090bd"}],"role_ref":[{"api_group":"rbac.authorization.k8s.io","kind":"ClusterRole","name":"jenkins-cluster-rbac-manager"}],"subject":[{"api_group":"","kind":"ServiceAccount","name":"jenkins","namespace":"infra"}]},"sensitive_attributes":[],"private":"bnVsbA==","dependencies":["kubernetes_cluster_role.jenkins_cluster_rbac_manager","kubernetes_namespace.infra"]}]},{"mode":"managed","type":"kubernetes_cluster_role_binding","name":"jenkins_crd_access","provider":"provider[\"registry.opentofu.org/hashicorp/kubernetes\"]","instances":[{"schema_version":0,"attributes":{"id":"jenkins-crd-access-binding","metadata":[{"annotations":{},"generate_name":"","generation":0,"labels":{},"name":"jenkins-crd-access-binding","resource_version":"526","uid":"e80d67da-a050-414c-86bf-3966c4db60d4"}],"role_ref":[{"api_group":"rbac.authorization.k8s.io","kind":"ClusterRole","name":"jenkins-crd-access"}],"subject":[{"api_group":"","kind":"ServiceAccount","name":"jenkins","namespace":"infra"}]},"sensitive_attributes":[],"private":"bnVsbA==","dependencies":["kubernetes_cluster_role.jenkins_crd_access","kubernetes_namespace.infra"]}]},{"mode":"managed","type":"kubernetes_cluster_role_binding","name":"jenkins_namespaces_read","provider":"provider[\"registry.opentofu.org/hashicorp/kubernetes\"]","instances":[{"schema_version":0,"attributes":{"id":"jenkins-namespaces-read-binding","metadata":[{"annotations":{},"generate_name":"","generation":0,"labels":{},"name":"jenkins-namespaces-read-binding","resource_version":"527","uid":"b77be3e4-5042-4b89-93aa-20eb1e63293e"}],"role_ref":[{"api_group":"rbac.authorization.k8s.io","kind":"ClusterRole","name":"jenkins-namespaces-read"}],"subject":[{"api_group":"","kind":"ServiceAccount","name":"jenkins","namespace":"infra"}]},"sensitive_attributes":[],"private":"bnVsbA==","dependencies":["kubernetes_cluster_role.jenkins_namespaces_read","kubernetes_namespace.infra"]}]},{"mode":"managed","type":"kubernetes_ingress_v1","name":"infra_ui","provider":"provider[\"registry.opentofu.org/hashicorp/kubernetes\"]","instances":[{"index_key":0,"schema_version":0,"attributes":{"id":"infra/infra-ui","metadata":[{"annotations":{"kubernetes.io/ingress.class":"nginx"},"generate_name":"","generation":1,"labels":{},"name":"infra-ui","namespace":"infra","resource_version":"10655","uid":"70eae43c-f25a-47bc-89f0-279013dc5d0c"}],"spec":[{"default_backend":[],"ingress_class_name":"","rule":[{"host":"jenkins.192.168.49.2.nip.io","http":[{"path":[{"backend":[{"resource":[],"service":[{"name":"jenkins","port":[{"name":"","number":8080}]}]}],"path":"/","path_type":"Prefix"}]}]},{"host":"grafana.192.168.49.2.nip.io","http":[{"path":[{"backend":[{"resource":[],"service":[{"name":"kube-prometheus-stack-grafana","port":[{"name":"","number":80}]}]}],"path":"/","path_type":"Prefix"}]}]},{"host":"prometheus.192.168.49.2.nip.io","http":[{"path":[{"backend":[{"resource":[],"service":[{"name":"kube-prometheus-stack-prometheus","port":[{"name":"","number":9090}]}]}],"path":"/","path_type":"Prefix"}]}]}],"tls":[]}],"status":[{"load_balancer":[{"ingress":[{"hostname":"","ip":"192.168.49.2"}]}]}],"timeouts":null,"wait_for_load_balancer":null},"sensitive_attributes":[],"private":"eyJlMmJmYjczMC1lY2FhLTExZTYtOGY4OC0zNDM2M2JjN2M0YzAiOnsiY3JlYXRlIjoxMjAwMDAwMDAwMDAwLCJkZWxldGUiOjEyMDAwMDAwMDAwMDB9fQ==","dependencies":["data.external.minikube_ip","helm_release.jenkins","helm_release.kube_prometheus_stack","kubernetes_namespace.infra"]}]},{"mode":"managed","type":"kubernetes_namespace","name":"apps","provider":"provider[\"registry.opentofu.org/hashicorp/kubernetes\"]","instances":[{"schema_version":0,"attributes":{"id":"apps","metadata":[{"annotations":{},"generate_name":"","generation":0,"labels":{},"name":"apps","resource_version":"511","uid":"93d640d1-d3c9-470e-af3a-8801df19996e"}],"timeouts":null,"wait_for_default_service_account":false},"sensitive_attributes":[],"private":"eyJlMmJmYjczMC1lY2FhLTExZTYtOGY4OC0zNDM2M2JjN2M0YzAiOnsiZGVsZXRlIjozMDAwMDAwMDAwMDB9fQ=="}]},{"mode":"managed","type":"kubernetes_namespace","name":"infra","provider":"provider[\"registry.opentofu.org/hashicorp/kubernetes\"]","instances":[{"schema_version":0,"attributes":{"id":"infra","metadata":[{"annotations":{},"generate_name":"","generation":0,"labels":{},"name":"infra","resource_version":"510","uid":"0abf02c7-8737-4bb8-9cd1-9aed708f59e8"}],"timeouts":null,"wait_for_default_service_account":false},"sensitive_attributes":[],"private":"eyJlMmJmYjczMC1lY2FhLTExZTYtOGY4OC0zNDM2M2JjN2M0YzAiOnsiZGVsZXRlIjozMDAwMDAwMDAwMDB9fQ=="}]},{"mode":"managed","type":"kubernetes_role","name":"jenkins_deployer","provider":"provider[\"registry.opentofu.org/hashicorp/kubernetes\"]","instances":[{"schema_version":0,"attributes":{"id":"apps/jenkins-deployer","metadata":[{"annotations":{},"generate_name":"","generation":0,"labels":{"app":"jenkins"},"name":"jenkins-deployer","namespace":"apps","resource_version":"528","uid":"ee6ecb19-f804-473d-8f61-b971b5acfa4f"}],"rule":[{"api_groups":[""],"resource_names":[],"resources":["configmaps","secrets"],"verbs":["create","delete","get","list","patch","update","watch"]},{"api_groups":[""],"resource_names":[],"resources":["endpoints","serviceaccounts","services"],"verbs":["create","delete","get","list","patch","update","watch"]},{"api_groups":["apps"],"resource_names":[],"resources":["deployments","replicasets"],"verbs":["create","delete","get","list","patch","update","watch"]},{"api_groups":["rbac.authorization.k8s.io"],"resource_names":[],"resources":["rolebindings","roles"],"verbs":["create","get","list","patch","update","watch"]},{"api_groups":["keda.sh"],"resource_names":[],"resources":["scaledjobs","scaledobjects","triggerauthentications"],"verbs":["create","delete","get","list","patch","update","watch"]},{"api_groups":["monitoring.coreos.com"],"resource_names":[],"resources":["servicemonitors"],"verbs":["create","delete","get","list","patch","update","watch"]}]},"sensitive_attributes":[],"private":"bnVsbA==","dependencies":["kubernetes_namespace.apps"]}]},{"mode":"managed","type":"kubernetes_role_binding","name":"jenkins_deployer","provider":"provider[\"registry.opentofu.org/hashicorp/kubernetes\"]","instances":[{"schema_version":0,"attributes":{"id":"apps/jenkins-deployer-binding","metadata":[{"annotations":{},"generate_name":"","generation":0,"labels":{},"name":"jenkins-deployer-binding","namespace":"apps","resource_version":"529","uid":"dc3e0b43-2a00-4aca-b19c-8cd5bacea09f"}],"role_ref":[{"api_group":"rbac.authorization.k8s.io","kind":"Role","name":"jenkins-deployer"}],"subject":[{"api_group":"","kind":"ServiceAccount","name":"jenkins","namespace":"infra"}]},"sensitive_attributes":[],"private":"bnVsbA==","dependencies":["kubernetes_namespace.apps","kubernetes_namespace.infra","kubernetes_role.jenkins_deployer"]}]},{"mode":"managed","type":"kubernetes_service","name":"registry_direct","provider":"provider[\"registry.opentofu.org/hashicorp/kubernetes\"]","instances":[{"schema_version":1,"attributes":{"id":"kube-system/registry-direct","metadata":[{"annotations":{},"generate_name":"","generation":0,"labels":{"app":"registry-direct","managed-by":"opentofu"},"name":"registry-direct","namespace":"kube-system","resource_version":"520","uid":"b077949b-e913-4122-9ab4-c047e49b16f7"}],"spec":[{"allocate_load_balancer_node_ports":true,"cluster_ip":"10.102.113.180","cluster_ips":["10.102.113.180"],"external_ips":[],"external_name":"","external_traffic_policy":"Cluster","health_check_node_port":0,"internal_traffic_policy":"Cluster","ip_families":["IPv4"],"ip_family_policy":"SingleStack","load_balancer_class":"","load_balancer_ip":"","load_balancer_source_ranges":[],"port":[{"app_protocol":"","name":"http","node_port":32001,"port":5000,"protocol":"TCP","target_port":"5000"}],"publish_not_ready_addresses":false,"selector":{"actual-registry":"true"},"session_affinity":"None","session_affinity_config":[],"type":"NodePort"}],"status":[{"load_balancer":[{"ingress":[]}]}],"timeouts":null,"wait_for_load_balancer":true},"sensitive_attributes":[],"private":"eyJlMmJmYjczMC1lY2FhLTExZTYtOGY4OC0zNDM2M2JjN2M0YzAiOnsiY3JlYXRlIjo2MDAwMDAwMDAwMDB9LCJzY2hlbWFfdmVyc2lvbiI6IjEifQ=="}]},{"mode":"managed","type":"null_resource","name":"start_port_forwards","provider":"provider[\"registry.opentofu.org/hashicorp/null\"]","instances":[{"schema_version":0,"attributes":{"id":"688774857836338321","triggers":{"jenkins_id":"jenkins","prom_id":"kube-prometheus-stack","script_sha":"c2ef335256ce4564467e536fb5790d0625b1166cd4fd986329942caf95a003dd"}},"sensitive_attributes":[],"dependencies":["helm_release.jenkins","helm_release.kube_prometheus_stack","kubernetes_namespace.infra"]}]}],"check_results":null}
